
Microsoft Visual Studio Solution File, Format Version 12.00
# Visual Studio Version 17
VisualStudioVersion = 17.0.31401.12
MinimumVisualStudioVersion = 10.0.40219.1
Project("{9A19103F-16F7-4668-BE54-9A1E7A4F7556}") = "TylerTracker.Common", "TylerTracker.Common\TylerTracker.Common.csproj", "{69CC5BD3-9416-4F18-B26B-51613112BDC7}"
EndProject
Project("{9A19103F-16F7-4668-BE54-9A1E7A4F7556}") = "TylerTracker.UI", "TylerTracker.UI\TylerTracker.UI.csproj", "{B48D8223-89D7-4887-85B2-F312D704F78A}"
EndProject
Project("{2150E333-8FDC-42A3-9474-1A3956D46DE8}") = "Tests", "Tests", "{B3B81EF7-500B-4E74-8029-0F75AA87D13B}"
EndProject
Global
	GlobalSection(SolutionConfigurationPlatforms) = preSolution
		Debug|Any CPU = Debug|Any CPU
		Release|Any CPU = Release|Any CPU
	EndGlobalSection
	GlobalSection(ProjectConfigurationPlatforms) = postSolution
		{69CC5BD3-9416-4F18-B26B-51613112BDC7}.Debug|Any CPU.ActiveCfg = Debug|Any CPU
		{69CC5BD3-9416-4F18-B26B-51613112BDC7}.Debug|Any CPU.Build.0 = Debug|Any CPU
		{69CC5BD3-9416-4F18-B26B-51613112BDC7}.Release|Any CPU.ActiveCfg = Release|Any CPU
		{69CC5BD3-9416-4F18-B26B-51613112BDC7}.Release|Any CPU.Build.0 = Release|Any CPU
		{B48D8223-89D7-4887-85B2-F312D704F78A}.Debug|Any CPU.ActiveCfg = Debug|Any CPU
		{B48D8223-89D7-4887-85B2-F312D704F78A}.Debug|Any CPU.Build.0 = Debug|Any CPU
		{B48D8223-89D7-4887-85B2-F312D704F78A}.Release|Any CPU.ActiveCfg = Release|Any CPU
		{B48D8223-89D7-4887-85B2-F312D704F78A}.Release|Any CPU.Build.0 = Release|Any CPU
	EndGlobalSection
	GlobalSection(SolutionProperties) = preSolution
		HideSolutionNode = FALSE
	EndGlobalSection
	GlobalSection(ExtensibilityGlobals) = postSolution
		SolutionGuid = {DA6C306A-10C4-4175-A6E5-821A1C1448D1}
	EndGlobalSection
EndGlobal
